
Microsoft Visual Studio Solution File, Format Version 12.00
# Visual Studio Version 17
VisualStudioVersion = 17.13.35825.156 d17.13
MinimumVisualStudioVersion = 10.0.40219.1
Project("{FAE04EC0-301F-11D3-BF4B-00C04F79EFBC}") = "WebhookApp2", "WebhookApp2.csproj", "{1CE7AC3A-FDE5-F88F-85DA-A5DF9FAB7683}"
EndProject
Global
	GlobalSection(SolutionConfigurationPlatforms) = preSolution
		Debug|Any CPU = Debug|Any CPU
		Release|Any CPU = Release|Any CPU
	EndGlobalSection
	GlobalSection(ProjectConfigurationPlatforms) = postSolution
		{1CE7AC3A-FDE5-F88F-85DA-A5DF9FAB7683}.Debug|Any CPU.ActiveCfg = Debug|Any CPU
		{1CE7AC3A-FDE5-F88F-85DA-A5DF9FAB7683}.Debug|Any CPU.Build.0 = Debug|Any CPU
		{1CE7AC3A-FDE5-F88F-85DA-A5DF9FAB7683}.Release|Any CPU.ActiveCfg = Release|Any CPU
		{1CE7AC3A-FDE5-F88F-85DA-A5DF9FAB7683}.Release|Any CPU.Build.0 = Release|Any CPU
	EndGlobalSection
	GlobalSection(SolutionProperties) = preSolution
		HideSolutionNode = FALSE
	EndGlobalSection
	GlobalSection(ExtensibilityGlobals) = postSolution
		SolutionGuid = {B92D085A-0177-46B3-B619-7F85B83AE5D0}
	EndGlobalSection
EndGlobal
